
Microsoft Visual Studio Solution File, Format Version 12.00
# Visual Studio Version 16
VisualStudioVersion = 16.0.32106.194
MinimumVisualStudioVersion = 10.0.40219.1
Project("{9A19103F-16F7-4668-BE54-9A1E7A4F7556}") = "PFCWebApp", "PFCWebApp\PFCWebApp.csproj", "{4D335382-77F9-4FED-9AE3-7B7E59ED96A4}"
EndProject
Project("{FAE04EC0-301F-11D3-BF4B-00C04F79EFBC}") = "SubscriberApp", "SubscriberApp\SubscriberApp.csproj", "{A5CB4EA0-0CAF-4EB2-AF51-E723B87ACFB5}"
EndProject
Project("{FAE04EC0-301F-11D3-BF4B-00C04F79EFBC}") = "Common", "Common\Common.csproj", "{4148BFF7-0BB6-4412-89C3-0C587462B920}"
EndProject
Global
	GlobalSection(SolutionConfigurationPlatforms) = preSolution
		Debug|Any CPU = Debug|Any CPU
		Release|Any CPU = Release|Any CPU
	EndGlobalSection
	GlobalSection(ProjectConfigurationPlatforms) = postSolution
		{4D335382-77F9-4FED-9AE3-7B7E59ED96A4}.Debug|Any CPU.ActiveCfg = Debug|Any CPU
		{4D335382-77F9-4FED-9AE3-7B7E59ED96A4}.Debug|Any CPU.Build.0 = Debug|Any CPU
		{4D335382-77F9-4FED-9AE3-7B7E59ED96A4}.Release|Any CPU.ActiveCfg = Release|Any CPU
		{4D335382-77F9-4FED-9AE3-7B7E59ED96A4}.Release|Any CPU.Build.0 = Release|Any CPU
		{A5CB4EA0-0CAF-4EB2-AF51-E723B87ACFB5}.Debug|Any CPU.ActiveCfg = Debug|Any CPU
		{A5CB4EA0-0CAF-4EB2-AF51-E723B87ACFB5}.Debug|Any CPU.Build.0 = Debug|Any CPU
		{A5CB4EA0-0CAF-4EB2-AF51-E723B87ACFB5}.Release|Any CPU.ActiveCfg = Release|Any CPU
		{A5CB4EA0-0CAF-4EB2-AF51-E723B87ACFB5}.Release|Any CPU.Build.0 = Release|Any CPU
		{4148BFF7-0BB6-4412-89C3-0C587462B920}.Debug|Any CPU.ActiveCfg = Debug|Any CPU
		{4148BFF7-0BB6-4412-89C3-0C587462B920}.Debug|Any CPU.Build.0 = Debug|Any CPU
		{4148BFF7-0BB6-4412-89C3-0C587462B920}.Release|Any CPU.ActiveCfg = Release|Any CPU
		{4148BFF7-0BB6-4412-89C3-0C587462B920}.Release|Any CPU.Build.0 = Release|Any CPU
	EndGlobalSection
	GlobalSection(SolutionProperties) = preSolution
		HideSolutionNode = FALSE
	EndGlobalSection
	GlobalSection(ExtensibilityGlobals) = postSolution
		SolutionGuid = {739F47BE-E527-4CE0-90FA-A31FAF946E71}
	EndGlobalSection
EndGlobal
